
Microsoft Visual Studio Solution File, Format Version 12.00
# Visual Studio Version 17
VisualStudioVersion = 17.11.35222.181
MinimumVisualStudioVersion = 10.0.40219.1
Project("{FAE04EC0-301F-11D3-BF4B-00C04F79EFBC}") = "23DH111160_MyStore", "23DH111160_MyStore\23DH111160_MyStore.csproj", "{418A4102-CCEB-4E22-9A54-5687788EE4CF}"
EndProject
Global
	GlobalSection(SolutionConfigurationPlatforms) = preSolution
		Debug|Any CPU = Debug|Any CPU
		Release|Any CPU = Release|Any CPU
	EndGlobalSection
	GlobalSection(ProjectConfigurationPlatforms) = postSolution
		{418A4102-CCEB-4E22-9A54-5687788EE4CF}.Debug|Any CPU.ActiveCfg = Debug|Any CPU
		{418A4102-CCEB-4E22-9A54-5687788EE4CF}.Debug|Any CPU.Build.0 = Debug|Any CPU
		{418A4102-CCEB-4E22-9A54-5687788EE4CF}.Release|Any CPU.ActiveCfg = Release|Any CPU
		{418A4102-CCEB-4E22-9A54-5687788EE4CF}.Release|Any CPU.Build.0 = Release|Any CPU
	EndGlobalSection
	GlobalSection(SolutionProperties) = preSolution
		HideSolutionNode = FALSE
	EndGlobalSection
	GlobalSection(ExtensibilityGlobals) = postSolution
		SolutionGuid = {9E35B024-E533-4418-BB6B-0E242627901B}
	EndGlobalSection
EndGlobal
